{
  "name": "cutlass-spike-crdt-timeline",
  "version": "0.0.1",
  "lockfileVersion": 3,
  "requires": true,
  "packages": {
    "": {
      "name": "cutlass-spike-crdt-timeline",
      "version": "0.0.1",
      "dependencies": {
        "@automerge/automerge": "^2.2.8"
      }
    },
    "node_modules/@automerge/automerge": {
      "version": "2.2.9",
      "resolved": "https://registry.npmjs.org/@automerge/automerge/-/automerge-2.2.9.tgz",
      "integrity": "sha512-6HM52Ops79hAQBWMg/t0MNfGOdEiXyenQjO9F1hKZq0RWDsMLpPa1SzRy/C4/4UyX67sTHuA5CwBpH34SpfZlA==",
      "license": "MIT",
      "dependencies": {
        "uuid": "^9.0.0"
      }
    },
    "node_modules/uuid": {
      "version": "9.0.1",
      "resolved": "https://registry.npmjs.org/uuid/-/uuid-9.0.1.tgz",
      "integrity": "sha512-b+1eJOlsR9K8HJpow9Ok3fiWOWSIcIzXodvv0rQjVoOVNpWMpxf1wZNpt4y9h10odCNrqnYp1OBzRktckBe3sA==",
      "deprecated": "uuid@10 and below is no longer supported.  For ESM codebases, update to uuid@latest.  For CommonJS codebases, use uuid@11 (but be aware this version will likely be deprecated in 2028).",
      "funding": [
        "https://github.com/sponsors/broofa",
        "https://github.com/sponsors/ctavan"
      ],
      "license": "MIT",
      "bin": {
        "uuid": "dist/bin/uuid"
      }
    }
  }
}
